{
  "name": "node-basic",
  "version": "1.0.0",
  "lockfileVersion": 3,
  "requires": true,
  "packages": {
    "": {
      "name": "node-basic",
      "version": "1.0.0",
      "dependencies": { "react": "^18.2.0", "yaml": "^2.9.0" },
      "devDependencies": { "vitest": "^4.1.8" }
    },
    "node_modules/react": {
      "version": "18.2.0"
    },
    "node_modules/yaml": {
      "version": "2.9.0"
    },
    "node_modules/vitest": {
      "version": "4.1.8",
      "dev": true
    },
    "node_modules/magic-string": {
      "version": "0.30.17",
      "dev": true
    },
    "node_modules/react/node_modules/scheduler": {
      "version": "0.23.0"
    }
  }
}
